
Microsoft Visual Studio Solution File, Format Version 12.00
# Visual Studio Version 16
VisualStudioVersion = 16.0.33214.272
MinimumVisualStudioVersion = 10.0.40219.1
Project("{FAE04EC0-301F-11D3-BF4B-00C04F79EFBC}") = "DWOS.Portal", "DWOS.Portal II\DWOS.Portal.csproj", "{9BF980CF-4B8B-4992-837B-1FB76AFA4009}"
	ProjectSection(ProjectDependencies) = postProject
		{1A332A66-4F1F-4A69-B3C2-0C7D363A77D2} = {1A332A66-4F1F-4A69-B3C2-0C7D363A77D2}
	EndProjectSection
EndProject
Project("{FAE04EC0-301F-11D3-BF4B-00C04F79EFBC}") = "DWOS.Shared", "..\Client\DWOS.Shared\DWOS.Shared.csproj", "{1A332A66-4F1F-4A69-B3C2-0C7D363A77D2}"
EndProject
Project("{FAE04EC0-301F-11D3-BF4B-00C04F79EFBC}") = "DWOS.Data", "..\Client\DWOS.Data\DWOS.Data.csproj", "{F83FFF1C-F805-40B1-A9A4-337EE53788B9}"
EndProject
Project("{FAE04EC0-301F-11D3-BF4B-00C04F79EFBC}") = "DWOS.Reports", "..\Client\DWOS.Reports\DWOS.Reports.csproj", "{28DE14C9-CA9D-4499-AD39-211AE4ED36AF}"
EndProject
Global
	GlobalSection(SolutionConfigurationPlatforms) = preSolution
		Debug|Any CPU = Debug|Any CPU
		Release|Any CPU = Release|Any CPU
		ReleaseEncrypt|Any CPU = ReleaseEncrypt|Any CPU
	EndGlobalSection
	GlobalSection(ProjectConfigurationPlatforms) = postSolution
		{9BF980CF-4B8B-4992-837B-1FB76AFA4009}.Debug|Any CPU.ActiveCfg = Debug|Any CPU
		{9BF980CF-4B8B-4992-837B-1FB76AFA4009}.Debug|Any CPU.Build.0 = Debug|Any CPU
		{9BF980CF-4B8B-4992-837B-1FB76AFA4009}.Release|Any CPU.ActiveCfg = Release|Any CPU
		{9BF980CF-4B8B-4992-837B-1FB76AFA4009}.Release|Any CPU.Build.0 = Release|Any CPU
		{9BF980CF-4B8B-4992-837B-1FB76AFA4009}.ReleaseEncrypt|Any CPU.ActiveCfg = Release|Any CPU
		{9BF980CF-4B8B-4992-837B-1FB76AFA4009}.ReleaseEncrypt|Any CPU.Build.0 = Release|Any CPU
		{1A332A66-4F1F-4A69-B3C2-0C7D363A77D2}.Debug|Any CPU.ActiveCfg = Debug|Any CPU
		{1A332A66-4F1F-4A69-B3C2-0C7D363A77D2}.Debug|Any CPU.Build.0 = Debug|Any CPU
		{1A332A66-4F1F-4A69-B3C2-0C7D363A77D2}.Release|Any CPU.ActiveCfg = Release|Any CPU
		{1A332A66-4F1F-4A69-B3C2-0C7D363A77D2}.Release|Any CPU.Build.0 = Release|Any CPU
		{1A332A66-4F1F-4A69-B3C2-0C7D363A77D2}.ReleaseEncrypt|Any CPU.ActiveCfg = ReleaseEncrypt|Any CPU
		{1A332A66-4F1F-4A69-B3C2-0C7D363A77D2}.ReleaseEncrypt|Any CPU.Build.0 = ReleaseEncrypt|Any CPU
		{F83FFF1C-F805-40B1-A9A4-337EE53788B9}.Debug|Any CPU.ActiveCfg = Debug|Any CPU
		{F83FFF1C-F805-40B1-A9A4-337EE53788B9}.Debug|Any CPU.Build.0 = Debug|Any CPU
		{F83FFF1C-F805-40B1-A9A4-337EE53788B9}.Release|Any CPU.ActiveCfg = Release|Any CPU
		{F83FFF1C-F805-40B1-A9A4-337EE53788B9}.Release|Any CPU.Build.0 = Release|Any CPU
		{F83FFF1C-F805-40B1-A9A4-337EE53788B9}.ReleaseEncrypt|Any CPU.ActiveCfg = ReleaseEncrypt|Any CPU
		{F83FFF1C-F805-40B1-A9A4-337EE53788B9}.ReleaseEncrypt|Any CPU.Build.0 = ReleaseEncrypt|Any CPU
		{28DE14C9-CA9D-4499-AD39-211AE4ED36AF}.Debug|Any CPU.ActiveCfg = Debug|Any CPU
		{28DE14C9-CA9D-4499-AD39-211AE4ED36AF}.Debug|Any CPU.Build.0 = Debug|Any CPU
		{28DE14C9-CA9D-4499-AD39-211AE4ED36AF}.Release|Any CPU.ActiveCfg = Release|Any CPU
		{28DE14C9-CA9D-4499-AD39-211AE4ED36AF}.Release|Any CPU.Build.0 = Release|Any CPU
		{28DE14C9-CA9D-4499-AD39-211AE4ED36AF}.ReleaseEncrypt|Any CPU.ActiveCfg = Release|Any CPU
		{28DE14C9-CA9D-4499-AD39-211AE4ED36AF}.ReleaseEncrypt|Any CPU.Build.0 = Release|Any CPU
	EndGlobalSection
	GlobalSection(SolutionProperties) = preSolution
		HideSolutionNode = FALSE
	EndGlobalSection
	GlobalSection(ExtensibilityGlobals) = postSolution
		SolutionGuid = {03A3BC1F-E3FA-4DDE-8EE7-EA1A250C043F}
	EndGlobalSection
EndGlobal
