
Microsoft Visual Studio Solution File, Format Version 12.00
# Visual Studio 15
VisualStudioVersion = 15.0.27004.2009
MinimumVisualStudioVersion = 10.0.40219.1
Project("{FAE04EC0-301F-11D3-BF4B-00C04F79EFBC}") = "DWOS.DataArchiver", "DWOS.DataArchiver\DWOS.DataArchiver.csproj", "{B6723F42-2A4D-444F-BB4A-ED7EB22BAE8A}"
EndProject
Project("{FAE04EC0-301F-11D3-BF4B-00C04F79EFBC}") = "DWOS.Shared", "..\Client\DWOS.Shared\DWOS.Shared.csproj", "{1A332A66-4F1F-4A69-B3C2-0C7D363A77D2}"
EndProject
Project("{FAE04EC0-301F-11D3-BF4B-00C04F79EFBC}") = "DWOS.Data", "..\Client\DWOS.Data\DWOS.Data.csproj", "{F83FFF1C-F805-40B1-A9A4-337EE53788B9}"
EndProject
Global
	GlobalSection(SolutionConfigurationPlatforms) = preSolution
		Debug|Any CPU = Debug|Any CPU
		Release|Any CPU = Release|Any CPU
		ReleaseEncrypt|Any CPU = ReleaseEncrypt|Any CPU
	EndGlobalSection
	GlobalSection(ProjectConfigurationPlatforms) = postSolution
		{B6723F42-2A4D-444F-BB4A-ED7EB22BAE8A}.Debug|Any CPU.ActiveCfg = Debug|Any CPU
		{B6723F42-2A4D-444F-BB4A-ED7EB22BAE8A}.Debug|Any CPU.Build.0 = Debug|Any CPU
		{B6723F42-2A4D-444F-BB4A-ED7EB22BAE8A}.Release|Any CPU.ActiveCfg = Release|Any CPU
		{B6723F42-2A4D-444F-BB4A-ED7EB22BAE8A}.Release|Any CPU.Build.0 = Release|Any CPU
		{B6723F42-2A4D-444F-BB4A-ED7EB22BAE8A}.ReleaseEncrypt|Any CPU.ActiveCfg = Release|Any CPU
		{B6723F42-2A4D-444F-BB4A-ED7EB22BAE8A}.ReleaseEncrypt|Any CPU.Build.0 = Release|Any CPU
		{1A332A66-4F1F-4A69-B3C2-0C7D363A77D2}.Debug|Any CPU.ActiveCfg = Debug|Any CPU
		{1A332A66-4F1F-4A69-B3C2-0C7D363A77D2}.Debug|Any CPU.Build.0 = Debug|Any CPU
		{1A332A66-4F1F-4A69-B3C2-0C7D363A77D2}.Release|Any CPU.ActiveCfg = Release|Any CPU
		{1A332A66-4F1F-4A69-B3C2-0C7D363A77D2}.Release|Any CPU.Build.0 = Release|Any CPU
		{1A332A66-4F1F-4A69-B3C2-0C7D363A77D2}.ReleaseEncrypt|Any CPU.ActiveCfg = ReleaseEncrypt|Any CPU
		{1A332A66-4F1F-4A69-B3C2-0C7D363A77D2}.ReleaseEncrypt|Any CPU.Build.0 = ReleaseEncrypt|Any CPU
		{F83FFF1C-F805-40B1-A9A4-337EE53788B9}.Debug|Any CPU.ActiveCfg = Debug|Any CPU
		{F83FFF1C-F805-40B1-A9A4-337EE53788B9}.Debug|Any CPU.Build.0 = Debug|Any CPU
		{F83FFF1C-F805-40B1-A9A4-337EE53788B9}.Release|Any CPU.ActiveCfg = Release|Any CPU
		{F83FFF1C-F805-40B1-A9A4-337EE53788B9}.Release|Any CPU.Build.0 = Release|Any CPU
		{F83FFF1C-F805-40B1-A9A4-337EE53788B9}.ReleaseEncrypt|Any CPU.ActiveCfg = ReleaseEncrypt|Any CPU
		{F83FFF1C-F805-40B1-A9A4-337EE53788B9}.ReleaseEncrypt|Any CPU.Build.0 = ReleaseEncrypt|Any CPU
	EndGlobalSection
	GlobalSection(SolutionProperties) = preSolution
		HideSolutionNode = FALSE
	EndGlobalSection
	GlobalSection(ExtensibilityGlobals) = postSolution
		SolutionGuid = {34797E6A-4E88-4AC6-A994-A3DD4ECE2ADE}
	EndGlobalSection
	GlobalSection(TeamFoundationVersionControl) = preSolution
		SccNumberOfProjects = 4
		SccEnterpriseProvider = {4CA58AB2-18FA-4F8D-95D4-32DDF27D184C}
		SccTeamFoundationServer = https://ds2corp.visualstudio.com/defaultcollection
		SccLocalPath0 = .
		SccProjectUniqueName1 = DWOS.DataArchiver\\DWOS.DataArchiver.csproj
		SccProjectName1 = DWOS.DataArchiver
		SccLocalPath1 = DWOS.DataArchiver
		SccProjectUniqueName2 = DWOS.Shared\\DWOS.Shared.csproj
		SccProjectName2 = DWOS.Shared
		SccLocalPath2 = DWOS.Shared
		SccProjectUniqueName3 = DWOS.Data\\DWOS.Data.csproj
		SccProjectName3 = DWOS.Data
		SccLocalPath3 = DWOS.Data
	EndGlobalSection
EndGlobal
